
Microsoft Visual Studio Solution File, Format Version 12.00
Project("{FAE04EC0-301F-11D3-BF4B-00C04F79EFBC}") = "Lazy", "Lazy\Lazy.csproj", "{3E5C39D1-F989-4AEF-B882-EE06D7EEE24E}"
EndProject
Project("{FAE04EC0-301F-11D3-BF4B-00C04F79EFBC}") = "LazyTest", "LazyTest\LazyTest.csproj", "{B3A7309A-7EE0-4D42-AC4A-589363327C12}"
EndProject
Global
	GlobalSection(SolutionConfigurationPlatforms) = preSolution
		Debug|Any CPU = Debug|Any CPU
		Release|Any CPU = Release|Any CPU
	EndGlobalSection
	GlobalSection(ProjectConfigurationPlatforms) = postSolution
		{3E5C39D1-F989-4AEF-B882-EE06D7EEE24E}.Debug|Any CPU.ActiveCfg = Debug|Any CPU
		{3E5C39D1-F989-4AEF-B882-EE06D7EEE24E}.Debug|Any CPU.Build.0 = Debug|Any CPU
		{3E5C39D1-F989-4AEF-B882-EE06D7EEE24E}.Release|Any CPU.ActiveCfg = Release|Any CPU
		{3E5C39D1-F989-4AEF-B882-EE06D7EEE24E}.Release|Any CPU.Build.0 = Release|Any CPU
		{B3A7309A-7EE0-4D42-AC4A-589363327C12}.Debug|Any CPU.ActiveCfg = Debug|Any CPU
		{B3A7309A-7EE0-4D42-AC4A-589363327C12}.Debug|Any CPU.Build.0 = Debug|Any CPU
		{B3A7309A-7EE0-4D42-AC4A-589363327C12}.Release|Any CPU.ActiveCfg = Release|Any CPU
		{B3A7309A-7EE0-4D42-AC4A-589363327C12}.Release|Any CPU.Build.0 = Release|Any CPU
	EndGlobalSection
EndGlobal
