
Microsoft Visual Studio Solution File, Format Version 12.00
Project("{FAE04EC0-301F-11D3-BF4B-00C04F79EFBC}") = "MatrixMultiplication", "MatrixMultiplication\MatrixMultiplication.csproj", "{66B03FE2-CF07-4120-8E55-8EE547570A3D}"
EndProject
Project("{FAE04EC0-301F-11D3-BF4B-00C04F79EFBC}") = "MatrixMultiplication.Tests", "MatrixMultiplication.Tests\MatrixMultiplication.Tests.csproj", "{F7B35C6A-A604-45BB-9AD1-B7D91B77844D}"
EndProject
Global
	GlobalSection(SolutionConfigurationPlatforms) = preSolution
		Debug|Any CPU = Debug|Any CPU
		Release|Any CPU = Release|Any CPU
	EndGlobalSection
	GlobalSection(ProjectConfigurationPlatforms) = postSolution
		{66B03FE2-CF07-4120-8E55-8EE547570A3D}.Debug|Any CPU.ActiveCfg = Debug|Any CPU
		{66B03FE2-CF07-4120-8E55-8EE547570A3D}.Debug|Any CPU.Build.0 = Debug|Any CPU
		{66B03FE2-CF07-4120-8E55-8EE547570A3D}.Release|Any CPU.ActiveCfg = Release|Any CPU
		{66B03FE2-CF07-4120-8E55-8EE547570A3D}.Release|Any CPU.Build.0 = Release|Any CPU
		{F7B35C6A-A604-45BB-9AD1-B7D91B77844D}.Debug|Any CPU.ActiveCfg = Debug|Any CPU
		{F7B35C6A-A604-45BB-9AD1-B7D91B77844D}.Debug|Any CPU.Build.0 = Debug|Any CPU
		{F7B35C6A-A604-45BB-9AD1-B7D91B77844D}.Release|Any CPU.ActiveCfg = Release|Any CPU
		{F7B35C6A-A604-45BB-9AD1-B7D91B77844D}.Release|Any CPU.Build.0 = Release|Any CPU
	EndGlobalSection
EndGlobal
